
Microsoft Visual Studio Solution File, Format Version 12.00
# Visual Studio Version 17
VisualStudioVersion = 17.7.34202.233
MinimumVisualStudioVersion = 10.0.40219.1
Project("{FAE04EC0-301F-11D3-BF4B-00C04F79EFBC}") = "NotesLayerProj.API", "NotesLayerProj\NotesLayerProj.API.csproj", "{ABBB5585-8152-4BDE-8052-CDD0A84F607E}"
EndProject
Global
	GlobalSection(SolutionConfigurationPlatforms) = preSolution
		Debug|Any CPU = Debug|Any CPU
		Release|Any CPU = Release|Any CPU
	EndGlobalSection
	GlobalSection(ProjectConfigurationPlatforms) = postSolution
		{ABBB5585-8152-4BDE-8052-CDD0A84F607E}.Debug|Any CPU.ActiveCfg = Debug|Any CPU
		{ABBB5585-8152-4BDE-8052-CDD0A84F607E}.Debug|Any CPU.Build.0 = Debug|Any CPU
		{ABBB5585-8152-4BDE-8052-CDD0A84F607E}.Release|Any CPU.ActiveCfg = Release|Any CPU
		{ABBB5585-8152-4BDE-8052-CDD0A84F607E}.Release|Any CPU.Build.0 = Release|Any CPU
	EndGlobalSection
	GlobalSection(SolutionProperties) = preSolution
		HideSolutionNode = FALSE
	EndGlobalSection
	GlobalSection(ExtensibilityGlobals) = postSolution
		SolutionGuid = {CC235937-3A36-462E-9CD2-2CA3887D62FE}
	EndGlobalSection
EndGlobal
